// !$*UTF8*$!
{
	archiveVersion = 1;
	classes = {
	};
	objectVersion = 48;
	objects = {

/* Begin PBXBuildFile section */
		3DD910F32E43A11E603EC893 /* Pods_JT_VoiceLib.framework in Frameworks */ = {isa = PBXBuildFile; fileRef = 69EF940BBF32480357E08B68 /* Pods_JT_VoiceLib.framework */; };
		5E7A0B8BD4D827A4B613D03C /* Pods_JT_VoiceLibUITests.framework in Frameworks */ = {isa = PBXBuildFile; fileRef = 0EEFE5F44054211551D983D2 /* Pods_JT_VoiceLibUITests.framework */; };
		6C1742201FB1A999003D995F /* FindViewModel.swift in Sources */ = {isa = PBXBuildFile; fileRef = 6C17421F1FB1A999003D995F /* FindViewModel.swift */; };
		6C1742221FB1A9A7003D995F /* LibraryViewModel.swift in Sources */ = {isa = PBXBuildFile; fileRef = 6C1742211FB1A9A7003D995F /* LibraryViewModel.swift */; };
		6C1742241FB1A9B1003D995F /* MineViewModel.swift in Sources */ = {isa = PBXBuildFile; fileRef = 6C1742231FB1A9B1003D995F /* MineViewModel.swift */; };
		6C1742261FB1AA0F003D995F /* NetWorkService.swift in Sources */ = {isa = PBXBuildFile; fileRef = 6C1742251FB1AA0F003D995F /* NetWorkService.swift */; };
		6C4D59141FB29678008BA50C /* Common.swift in Sources */ = {isa = PBXBuildFile; fileRef = 6C4D59131FB29678008BA50C /* Common.swift */; };
		6C4D59191FB296E0008BA50C /* UIColor+category.swift in Sources */ = {isa = PBXBuildFile; fileRef = 6C4D59171FB296E0008BA50C /* UIColor+category.swift */; };
		6C4D591A1FB296E0008BA50C /* UIView+frame.swift in Sources */ = {isa = PBXBuildFile; fileRef = 6C4D59181FB296E0008BA50C /* UIView+frame.swift */; };
		6C4D591D1FB29942008BA50C /* FindCardCell.swift in Sources */ = {isa = PBXBuildFile; fileRef = 6C4D591B1FB29942008BA50C /* FindCardCell.swift */; };
		6C4D591E1FB29942008BA50C /* FindCardCell.xib in Resources */ = {isa = PBXBuildFile; fileRef = 6C4D591C1FB29942008BA50C /* FindCardCell.xib */; };
		6C4D59201FB29D27008BA50C /* UIViewController+extension.swift in Sources */ = {isa = PBXBuildFile; fileRef = 6C4D591F1FB29D27008BA50C /* UIViewController+extension.swift */; };
		6C50426F1FCD0618008A3236 /* LibraryJsonModel.swift in Sources */ = {isa = PBXBuildFile; fileRef = 6C50426E1FCD0618008A3236 /* LibraryJsonModel.swift */; };
		6C53FFB21FE7D18F007DCCED /* JTFilePathHelper.swift in Sources */ = {isa = PBXBuildFile; fileRef = 6C53FFB11FE7D18F007DCCED /* JTFilePathHelper.swift */; };
		6C5996F71FD920C70039B950 /* PlayHandler.swift in Sources */ = {isa = PBXBuildFile; fileRef = 6C5996F61FD920C70039B950 /* PlayHandler.swift */; };
		6C5996F91FD924F60039B950 /* PlayCacheHandler.swift in Sources */ = {isa = PBXBuildFile; fileRef = 6C5996F81FD924F60039B950 /* PlayCacheHandler.swift */; };
		6C5996FC1FD92B1B0039B950 /* RealmManager.swift in Sources */ = {isa = PBXBuildFile; fileRef = 6C5996FB1FD92B1B0039B950 /* RealmManager.swift */; };
		6C5996FE1FD945B90039B950 /* MusicMoya.swift in Sources */ = {isa = PBXBuildFile; fileRef = 6C5996FD1FD945B90039B950 /* MusicMoya.swift */; };
		6C5997021FD951730039B950 /* CFNetworkDownload_QyDWY1.tmp in Resources */ = {isa = PBXBuildFile; fileRef = 6C5997011FD951730039B950 /* CFNetworkDownload_QyDWY1.tmp */; };
		6C5CB41B1FB1694400949BFE /* AppDelegate.swift in Sources */ = {isa = PBXBuildFile; fileRef = 6C5CB41A1FB1694400949BFE /* AppDelegate.swift */; };
		6C5CB4201FB1694400949BFE /* Main.storyboard in Resources */ = {isa = PBXBuildFile; fileRef = 6C5CB41E1FB1694400949BFE /* Main.storyboard */; };
		6C5CB4221FB1694400949BFE /* Assets.xcassets in Resources */ = {isa = PBXBuildFile; fileRef = 6C5CB4211FB1694400949BFE /* Assets.xcassets */; };
		6C5CB4251FB1694400949BFE /* LaunchScreen.storyboard in Resources */ = {isa = PBXBuildFile; fileRef = 6C5CB4231FB1694400949BFE /* LaunchScreen.storyboard */; };
		6C5CB4301FB1694400949BFE /* JT_VoiceLibTests.swift in Sources */ = {isa = PBXBuildFile; fileRef = 6C5CB42F1FB1694400949BFE /* JT_VoiceLibTests.swift */; };
		6C5CB43B1FB1694400949BFE /* JT_VoiceLibUITests.swift in Sources */ = {isa = PBXBuildFile; fileRef = 6C5CB43A1FB1694400949BFE /* JT_VoiceLibUITests.swift */; };
		6C5CB45B1FB1985800949BFE /* FindViewController.swift in Sources */ = {isa = PBXBuildFile; fileRef = 6C5CB45A1FB1985800949BFE /* FindViewController.swift */; };
		6C5CB45D1FB1986400949BFE /* LibraryViewController.swift in Sources */ = {isa = PBXBuildFile; fileRef = 6C5CB45C1FB1986400949BFE /* LibraryViewController.swift */; };
		6C5CB45F1FB1986F00949BFE /* MineViewController.swift in Sources */ = {isa = PBXBuildFile; fileRef = 6C5CB45E1FB1986F00949BFE /* MineViewController.swift */; };
		6C6444AB1FF3366000449000 /* PlayViewViewModel.swift in Sources */ = {isa = PBXBuildFile; fileRef = 6C6444AA1FF3366000449000 /* PlayViewViewModel.swift */; };
		6C6444AF1FF33FCC00449000 /* PlayContainerViewController.swift in Sources */ = {isa = PBXBuildFile; fileRef = 6C6444AE1FF33FCC00449000 /* PlayContainerViewController.swift */; };
		6C6720311FC271F30046AB96 /* JsonSerializationError.swift in Sources */ = {isa = PBXBuildFile; fileRef = 6C6720301FC271F30046AB96 /* JsonSerializationError.swift */; };
		6C69370D1FBC0EF30025F9A7 /* FindNextViewModel.swift in Sources */ = {isa = PBXBuildFile; fileRef = 6C69370C1FBC0EF30025F9A7 /* FindNextViewModel.swift */; };
		6C69370F1FBC1DBC0025F9A7 /* AlbumDetailViewController.swift in Sources */ = {isa = PBXBuildFile; fileRef = 6C69370E1FBC1DBC0025F9A7 /* AlbumDetailViewController.swift */; };
		6C6D71221FBD3BC800511C00 /* AlbumDetailViewModel.swift in Sources */ = {isa = PBXBuildFile; fileRef = 6C6D71211FBD3BC800511C00 /* AlbumDetailViewModel.swift */; };
		6C6D71241FBD3C8A00511C00 /* AlbumDetailTopCell.swift in Sources */ = {isa = PBXBuildFile; fileRef = 6C6D71231FBD3C8A00511C00 /* AlbumDetailTopCell.swift */; };
		6C6D71261FBD3C9200511C00 /* AlbumDetailCell.swift in Sources */ = {isa = PBXBuildFile; fileRef = 6C6D71251FBD3C9200511C00 /* AlbumDetailCell.swift */; };
		6C77F05F1FBE838700A0B182 /* Library.storyboard in Resources */ = {isa = PBXBuildFile; fileRef = 6C77F05E1FBE838700A0B182 /* Library.storyboard */; };
		6C77F0611FBE888D00A0B182 /* LibraryLeftCell.swift in Sources */ = {isa = PBXBuildFile; fileRef = 6C77F0601FBE888D00A0B182 /* LibraryLeftCell.swift */; };
		6C77F0631FBE889E00A0B182 /* LibraryRightCell.swift in Sources */ = {isa = PBXBuildFile; fileRef = 6C77F0621FBE889E00A0B182 /* LibraryRightCell.swift */; };
		6C81A1F91FBA98C100651D76 /* FindStoryBoard.storyboard in Resources */ = {isa = PBXBuildFile; fileRef = 6C81A1F81FBA98C100651D76 /* FindStoryBoard.storyboard */; };
		6C81A1FB1FBA98F400651D76 /* FindNextViewController.swift in Sources */ = {isa = PBXBuildFile; fileRef = 6C81A1FA1FBA98F400651D76 /* FindNextViewController.swift */; };
		6C81A1FD1FBA9ACC00651D76 /* FindNextCell.swift in Sources */ = {isa = PBXBuildFile; fileRef = 6C81A1FC1FBA9ACC00651D76 /* FindNextCell.swift */; };
		6C81A2001FBA9CD500651D76 /* AlbumsJsonModel.swift in Sources */ = {isa = PBXBuildFile; fileRef = 6C81A1FF1FBA9CD500651D76 /* AlbumsJsonModel.swift */; };
		6C85F41E1FBC8ABA004AA656 /* FindMoya.swift in Sources */ = {isa = PBXBuildFile; fileRef = 6C85F41D1FBC8ABA004AA656 /* FindMoya.swift */; };
		6C85F4201FBC8ACB004AA656 /* LibraryMoya.swift in Sources */ = {isa = PBXBuildFile; fileRef = 6C85F41F1FBC8ACB004AA656 /* LibraryMoya.swift */; };
		6C8BD5591FDA9466009A212D /* PlayManager.swift in Sources */ = {isa = PBXBuildFile; fileRef = 6C8BD5581FDA9466009A212D /* PlayManager.swift */; };
		6C8BD55E1FDA9642009A212D /* DownLoader.swift in Sources */ = {isa = PBXBuildFile; fileRef = 6C8BD55D1FDA9642009A212D /* DownLoader.swift */; };
		6CB964571FBB2E21000CF95D /* AlbumsManager.swift in Sources */ = {isa = PBXBuildFile; fileRef = 6CB964561FBB2E21000CF95D /* AlbumsManager.swift */; };
		6CD728CB1FBED074004F44E8 /* PlayViewController.swift in Sources */ = {isa = PBXBuildFile; fileRef = 6CD728CA1FBED074004F44E8 /* PlayViewController.swift */; };
		6CD728CD1FBED089004F44E8 /* Play.storyboard in Resources */ = {isa = PBXBuildFile; fileRef = 6CD728CC1FBED089004F44E8 /* Play.storyboard */; };
		6CD728D01FBEE50E004F44E8 /* SearchViewController.swift in Sources */ = {isa = PBXBuildFile; fileRef = 6CD728CF1FBEE50E004F44E8 /* SearchViewController.swift */; };
		6CD728D21FBEE518004F44E8 /* Search.storyboard in Resources */ = {isa = PBXBuildFile; fileRef = 6CD728D11FBEE518004F44E8 /* Search.storyboard */; };
		812B361E808FD8E306FDE421 /* Pods_JT_VoiceLibTests.framework in Frameworks */ = {isa = PBXBuildFile; fileRef = F8FD2BD3437DABE9DBF2FA7C /* Pods_JT_VoiceLibTests.framework */; };
/* End PBXBuildFile section */

/* Begin PBXContainerItemProxy section */
		6C5CB42C1FB1694400949BFE /* PBXContainerItemProxy */ = {
			isa = PBXContainerItemProxy;
			containerPortal = 6C5CB40F1FB1694400949BFE /* Project object */;
			proxyType = 1;
			remoteGlobalIDString = 6C5CB4161FB1694400949BFE;
			remoteInfo = JT_VoiceLib;
		};
		6C5CB4371FB1694400949BFE /* PBXContainerItemProxy */ = {
			isa = PBXContainerItemProxy;
			containerPortal = 6C5CB40F1FB1694400949BFE /* Project object */;
			proxyType = 1;
			remoteGlobalIDString = 6C5CB4161FB1694400949BFE;
			remoteInfo = JT_VoiceLib;
		};
/* End PBXContainerItemProxy section */

/* Begin PBXFileReference section */
		0EEFE5F44054211551D983D2 /* Pods_JT_VoiceLibUITests.framework */ = {isa = PBXFileReference; explicitFileType = wrapper.framework; includeInIndex = 0; path = Pods_JT_VoiceLibUITests.framework; sourceTree = BUILT_PRODUCTS_DIR; };
		155191D7BF23030425C68938 /* Pods-JT_VoiceLib.debug.xcconfig */ = {isa = PBXFileReference; includeInIndex = 1; lastKnownFileType = text.xcconfig; name = "Pods-JT_VoiceLib.debug.xcconfig"; path = "Pods/Target Support Files/Pods-JT_VoiceLib/Pods-JT_VoiceLib.debug.xcconfig"; sourceTree = "<group>"; };
		187CC235276004F595BB5BF1 /* Pods-JT_VoiceLibTests.debug.xcconfig */ = {isa = PBXFileReference; includeInIndex = 1; lastKnownFileType = text.xcconfig; name = "Pods-JT_VoiceLibTests.debug.xcconfig"; path = "Pods/Target Support Files/Pods-JT_VoiceLibTests/Pods-JT_VoiceLibTests.debug.xcconfig"; sourceTree = "<group>"; };
		5878E0220166938FAF6C70A8 /* Pods-JT_VoiceLib.release.xcconfig */ = {isa = PBXFileReference; includeInIndex = 1; lastKnownFileType = text.xcconfig; name = "Pods-JT_VoiceLib.release.xcconfig"; path = "Pods/Target Support Files/Pods-JT_VoiceLib/Pods-JT_VoiceLib.release.xcconfig"; sourceTree = "<group>"; };
		69EF940BBF32480357E08B68 /* Pods_JT_VoiceLib.framework */ = {isa = PBXFileReference; explicitFileType = wrapper.framework; includeInIndex = 0; path = Pods_JT_VoiceLib.framework; sourceTree = BUILT_PRODUCTS_DIR; };
		6C17421F1FB1A999003D995F /* FindViewModel.swift */ = {isa = PBXFileReference; lastKnownFileType = sourcecode.swift; path = FindViewModel.swift; sourceTree = "<group>"; };
		6C1742211FB1A9A7003D995F /* LibraryViewModel.swift */ = {isa = PBXFileReference; lastKnownFileType = sourcecode.swift; path = LibraryViewModel.swift; sourceTree = "<group>"; };
		6C1742231FB1A9B1003D995F /* MineViewModel.swift */ = {isa = PBXFileReference; lastKnownFileType = sourcecode.swift; path = MineViewModel.swift; sourceTree = "<group>"; };
		6C1742251FB1AA0F003D995F /* NetWorkService.swift */ = {isa = PBXFileReference; lastKnownFileType = sourcecode.swift; path = NetWorkService.swift; sourceTree = "<group>"; };
		6C4D59131FB29678008BA50C /* Common.swift */ = {isa = PBXFileReference; fileEncoding = 4; lastKnownFileType = sourcecode.swift; path = Common.swift; sourceTree = "<group>"; };
		6C4D59171FB296E0008BA50C /* UIColor+category.swift */ = {isa = PBXFileReference; fileEncoding = 4; lastKnownFileType = sourcecode.swift; path = "UIColor+category.swift"; sourceTree = "<group>"; };
		6C4D59181FB296E0008BA50C /* UIView+frame.swift */ = {isa = PBXFileReference; fileEncoding = 4; lastKnownFileType = sourcecode.swift; path = "UIView+frame.swift"; sourceTree = "<group>"; };
		6C4D591B1FB29942008BA50C /* FindCardCell.swift */ = {isa = PBXFileReference; lastKnownFileType = sourcecode.swift; path = FindCardCell.swift; sourceTree = "<group>"; };
		6C4D591C1FB29942008BA50C /* FindCardCell.xib */ = {isa = PBXFileReference; lastKnownFileType = file.xib; path = FindCardCell.xib; sourceTree = "<group>"; };
		6C4D591F1FB29D27008BA50C /* UIViewController+extension.swift */ = {isa = PBXFileReference; lastKnownFileType = sourcecode.swift; path = "UIViewController+extension.swift"; sourceTree = "<group>"; };
		6C50426E1FCD0618008A3236 /* LibraryJsonModel.swift */ = {isa = PBXFileReference; lastKnownFileType = sourcecode.swift; path = LibraryJsonModel.swift; sourceTree = "<group>"; };
		6C53FFB11FE7D18F007DCCED /* JTFilePathHelper.swift */ = {isa = PBXFileReference; lastKnownFileType = sourcecode.swift; path = JTFilePathHelper.swift; sourceTree = "<group>"; };
		6C5996F61FD920C70039B950 /* PlayHandler.swift */ = {isa = PBXFileReference; lastKnownFileType = sourcecode.swift; path = PlayHandler.swift; sourceTree = "<group>"; };
		6C5996F81FD924F60039B950 /* PlayCacheHandler.swift */ = {isa = PBXFileReference; lastKnownFileType = sourcecode.swift; path = PlayCacheHandler.swift; sourceTree = "<group>"; };
		6C5996FB1FD92B1B0039B950 /* RealmManager.swift */ = {isa = PBXFileReference; lastKnownFileType = sourcecode.swift; path = RealmManager.swift; sourceTree = "<group>"; };
		6C5996FD1FD945B90039B950 /* MusicMoya.swift */ = {isa = PBXFileReference; lastKnownFileType = sourcecode.swift; path = MusicMoya.swift; sourceTree = "<group>"; };
		6C5997011FD951730039B950 /* CFNetworkDownload_QyDWY1.tmp */ = {isa = PBXFileReference; lastKnownFileType = file; path = CFNetworkDownload_QyDWY1.tmp; sourceTree = "<group>"; };
		6C5CB4171FB1694400949BFE /* JT_VoiceLib.app */ = {isa = PBXFileReference; explicitFileType = wrapper.application; includeInIndex = 0; path = JT_VoiceLib.app; sourceTree = BUILT_PRODUCTS_DIR; };
		6C5CB41A1FB1694400949BFE /* AppDelegate.swift */ = {isa = PBXFileReference; lastKnownFileType = sourcecode.swift; path = AppDelegate.swift; sourceTree = "<group>"; };
		6C5CB41F1FB1694400949BFE /* Base */ = {isa = PBXFileReference; lastKnownFileType = file.storyboard; name = Base; path = Base.lproj/Main.storyboard; sourceTree = "<group>"; };
		6C5CB4211FB1694400949BFE /* Assets.xcassets */ = {isa = PBXFileReference; lastKnownFileType = folder.assetcatalog; path = Assets.xcassets; sourceTree = "<group>"; };
		6C5CB4241FB1694400949BFE /* Base */ = {isa = PBXFileReference; lastKnownFileType = file.storyboard; name = Base; path = Base.lproj/LaunchScreen.storyboard; sourceTree = "<group>"; };
		6C5CB4261FB1694400949BFE /* Info.plist */ = {isa = PBXFileReference; lastKnownFileType = text.plist.xml; path = Info.plist; sourceTree = "<group>"; };
		6C5CB42B1FB1694400949BFE /* JT_VoiceLibTests.xctest */ = {isa = PBXFileReference; explicitFileType = wrapper.cfbundle; includeInIndex = 0; path = JT_VoiceLibTests.xctest; sourceTree = BUILT_PRODUCTS_DIR; };
		6C5CB42F1FB1694400949BFE /* JT_VoiceLibTests.swift */ = {isa = PBXFileReference; lastKnownFileType = sourcecode.swift; path = JT_VoiceLibTests.swift; sourceTree = "<group>"; };
		6C5CB4311FB1694400949BFE /* Info.plist */ = {isa = PBXFileReference; lastKnownFileType = text.plist.xml; path = Info.plist; sourceTree = "<group>"; };
		6C5CB4361FB1694400949BFE /* JT_VoiceLibUITests.xctest */ = {isa = PBXFileReference; explicitFileType = wrapper.cfbundle; includeInIndex = 0; path = JT_VoiceLibUITests.xctest; sourceTree = BUILT_PRODUCTS_DIR; };
		6C5CB43A1FB1694400949BFE /* JT_VoiceLibUITests.swift */ = {isa = PBXFileReference; lastKnownFileType = sourcecode.swift; path = JT_VoiceLibUITests.swift; sourceTree = "<group>"; };
		6C5CB43C1FB1694400949BFE /* Info.plist */ = {isa = PBXFileReference; lastKnownFileType = text.plist.xml; path = Info.plist; sourceTree = "<group>"; };
		6C5CB45A1FB1985800949BFE /* FindViewController.swift */ = {isa = PBXFileReference; lastKnownFileType = sourcecode.swift; path = FindViewController.swift; sourceTree = "<group>"; };
		6C5CB45C1FB1986400949BFE /* LibraryViewController.swift */ = {isa = PBXFileReference; lastKnownFileType = sourcecode.swift; path = LibraryViewController.swift; sourceTree = "<group>"; };
		6C5CB45E1FB1986F00949BFE /* MineViewController.swift */ = {isa = PBXFileReference; lastKnownFileType = sourcecode.swift; path = MineViewController.swift; sourceTree = "<group>"; };
		6C6444AA1FF3366000449000 /* PlayViewViewModel.swift */ = {isa = PBXFileReference; lastKnownFileType = sourcecode.swift; path = PlayViewViewModel.swift; sourceTree = "<group>"; };
		6C6444AE1FF33FCC00449000 /* PlayContainerViewController.swift */ = {isa = PBXFileReference; lastKnownFileType = sourcecode.swift; path = PlayContainerViewController.swift; sourceTree = "<group>"; };
		6C6720301FC271F30046AB96 /* JsonSerializationError.swift */ = {isa = PBXFileReference; lastKnownFileType = sourcecode.swift; path = JsonSerializationError.swift; sourceTree = "<group>"; };
		6C69370C1FBC0EF30025F9A7 /* FindNextViewModel.swift */ = {isa = PBXFileReference; lastKnownFileType = sourcecode.swift; path = FindNextViewModel.swift; sourceTree = "<group>"; };
		6C69370E1FBC1DBC0025F9A7 /* AlbumDetailViewController.swift */ = {isa = PBXFileReference; lastKnownFileType = sourcecode.swift; path = AlbumDetailViewController.swift; sourceTree = "<group>"; };
		6C6D71211FBD3BC800511C00 /* AlbumDetailViewModel.swift */ = {isa = PBXFileReference; lastKnownFileType = sourcecode.swift; path = AlbumDetailViewModel.swift; sourceTree = "<group>"; };
		6C6D71231FBD3C8A00511C00 /* AlbumDetailTopCell.swift */ = {isa = PBXFileReference; lastKnownFileType = sourcecode.swift; path = AlbumDetailTopCell.swift; sourceTree = "<group>"; };
		6C6D71251FBD3C9200511C00 /* AlbumDetailCell.swift */ = {isa = PBXFileReference; lastKnownFileType = sourcecode.swift; path = AlbumDetailCell.swift; sourceTree = "<group>"; };
		6C77F05E1FBE838700A0B182 /* Library.storyboard */ = {isa = PBXFileReference; lastKnownFileType = file.storyboard; path = Library.storyboard; sourceTree = "<group>"; };
		6C77F0601FBE888D00A0B182 /* LibraryLeftCell.swift */ = {isa = PBXFileReference; lastKnownFileType = sourcecode.swift; path = LibraryLeftCell.swift; sourceTree = "<group>"; };
		6C77F0621FBE889E00A0B182 /* LibraryRightCell.swift */ = {isa = PBXFileReference; lastKnownFileType = sourcecode.swift; path = LibraryRightCell.swift; sourceTree = "<group>"; };
		6C81A1F81FBA98C100651D76 /* FindStoryBoard.storyboard */ = {isa = PBXFileReference; lastKnownFileType = file.storyboard; path = FindStoryBoard.storyboard; sourceTree = "<group>"; };
		6C81A1FA1FBA98F400651D76 /* FindNextViewController.swift */ = {isa = PBXFileReference; lastKnownFileType = sourcecode.swift; path = FindNextViewController.swift; sourceTree = "<group>"; };
		6C81A1FC1FBA9ACC00651D76 /* FindNextCell.swift */ = {isa = PBXFileReference; lastKnownFileType = sourcecode.swift; path = FindNextCell.swift; sourceTree = "<group>"; };
		6C81A1FF1FBA9CD500651D76 /* AlbumsJsonModel.swift */ = {isa = PBXFileReference; lastKnownFileType = sourcecode.swift; path = AlbumsJsonModel.swift; sourceTree = "<group>"; };
		6C85F41D1FBC8ABA004AA656 /* FindMoya.swift */ = {isa = PBXFileReference; lastKnownFileType = sourcecode.swift; path = FindMoya.swift; sourceTree = "<group>"; };
		6C85F41F1FBC8ACB004AA656 /* LibraryMoya.swift */ = {isa = PBXFileReference; lastKnownFileType = sourcecode.swift; path = LibraryMoya.swift; sourceTree = "<group>"; };
		6C8BD5581FDA9466009A212D /* PlayManager.swift */ = {isa = PBXFileReference; lastKnownFileType = sourcecode.swift; path = PlayManager.swift; sourceTree = "<group>"; };
		6C8BD55D1FDA9642009A212D /* DownLoader.swift */ = {isa = PBXFileReference; lastKnownFileType = sourcecode.swift; path = DownLoader.swift; sourceTree = "<group>"; };
		6CB964561FBB2E21000CF95D /* AlbumsManager.swift */ = {isa = PBXFileReference; lastKnownFileType = sourcecode.swift; path = AlbumsManager.swift; sourceTree = "<group>"; };
		6CD728CA1FBED074004F44E8 /* PlayViewController.swift */ = {isa = PBXFileReference; lastKnownFileType = sourcecode.swift; path = PlayViewController.swift; sourceTree = "<group>"; };
		6CD728CC1FBED089004F44E8 /* Play.storyboard */ = {isa = PBXFileReference; lastKnownFileType = file.storyboard; path = Play.storyboard; sourceTree = "<group>"; };
		6CD728CF1FBEE50E004F44E8 /* SearchViewController.swift */ = {isa = PBXFileReference; lastKnownFileType = sourcecode.swift; path = SearchViewController.swift; sourceTree = "<group>"; };
		6CD728D11FBEE518004F44E8 /* Search.storyboard */ = {isa = PBXFileReference; lastKnownFileType = file.storyboard; path = Search.storyboard; sourceTree = "<group>"; };
		7FF6931FADD524613247B6C7 /* Pods-JT_VoiceLibUITests.debug.xcconfig */ = {isa = PBXFileReference; includeInIndex = 1; lastKnownFileType = text.xcconfig; name = "Pods-JT_VoiceLibUITests.debug.xcconfig"; path = "Pods/Target Support Files/Pods-JT_VoiceLibUITests/Pods-JT_VoiceLibUITests.debug.xcconfig"; sourceTree = "<group>"; };
		C47240BB1BE78BD1DA928CF1 /* Pods-JT_VoiceLibTests.release.xcconfig */ = {isa = PBXFileReference; includeInIndex = 1; lastKnownFileType = text.xcconfig; name = "Pods-JT_VoiceLibTests.release.xcconfig"; path = "Pods/Target Support Files/Pods-JT_VoiceLibTests/Pods-JT_VoiceLibTests.release.xcconfig"; sourceTree = "<group>"; };
		E8EBBAD3D09E3DDA25C4D9F1 /* Pods-JT_VoiceLibUITests.release.xcconfig */ = {isa = PBXFileReference; includeInIndex = 1; lastKnownFileType = text.xcconfig; name = "Pods-JT_VoiceLibUITests.release.xcconfig"; path = "Pods/Target Support Files/Pods-JT_VoiceLibUITests/Pods-JT_VoiceLibUITests.release.xcconfig"; sourceTree = "<group>"; };
		F8FD2BD3437DABE9DBF2FA7C /* Pods_JT_VoiceLibTests.framework */ = {isa = PBXFileReference; explicitFileType = wrapper.framework; includeInIndex = 0; path = Pods_JT_VoiceLibTests.framework; sourceTree = BUILT_PRODUCTS_DIR; };
/* End PBXFileReference section */

/* Begin PBXFrameworksBuildPhase section */
		6C5CB4141FB1694400949BFE /* Frameworks */ = {
			isa = PBXFrameworksBuildPhase;
			buildActionMask = 2147483647;
			files = (
				3DD910F32E43A11E603EC893 /* Pods_JT_VoiceLib.framework in Frameworks */,
			);
			runOnlyForDeploymentPostprocessing = 0;
		};
		6C5CB4281FB1694400949BFE /* Frameworks */ = {
			isa = PBXFrameworksBuildPhase;
			buildActionMask = 2147483647;
			files = (
				812B361E808FD8E306FDE421 /* Pods_JT_VoiceLibTests.framework in Frameworks */,
			);
			runOnlyForDeploymentPostprocessing = 0;
		};
		6C5CB4331FB1694400949BFE /* Frameworks */ = {
			isa = PBXFrameworksBuildPhase;
			buildActionMask = 2147483647;
			files = (
				5E7A0B8BD4D827A4B613D03C /* Pods_JT_VoiceLibUITests.framework in Frameworks */,
			);
			runOnlyForDeploymentPostprocessing = 0;
		};
/* End PBXFrameworksBuildPhase section */

/* Begin PBXGroup section */
		6C4D59121FB2966F008BA50C /* Common */ = {
			isa = PBXGroup;
			children = (
				6C4D59131FB29678008BA50C /* Common.swift */,
			);
			path = Common;
			sourceTree = "<group>";
		};
		6C4D59151FB296D2008BA50C /* Tool */ = {
			isa = PBXGroup;
			children = (
				6C4D59161FB296E0008BA50C /* Category */,
			);
			path = Tool;
			sourceTree = "<group>";
		};
		6C4D59161FB296E0008BA50C /* Category */ = {
			isa = PBXGroup;
			children = (
				6C4D59171FB296E0008BA50C /* UIColor+category.swift */,
				6C4D59181FB296E0008BA50C /* UIView+frame.swift */,
				6C4D591F1FB29D27008BA50C /* UIViewController+extension.swift */,
			);
			path = Category;
			sourceTree = "<group>";
		};
		6C50426D1FCD0603008A3236 /* JsonModel */ = {
			isa = PBXGroup;
			children = (
				6C50426E1FCD0618008A3236 /* LibraryJsonModel.swift */,
			);
			path = JsonModel;
			sourceTree = "<group>";
		};
		6C5996F31FD8D7A30039B950 /* AudioPlay */ = {
			isa = PBXGroup;
			children = (
				6C8BD5581FDA9466009A212D /* PlayManager.swift */,
				6C5996F61FD920C70039B950 /* PlayHandler.swift */,
				6C5996F81FD924F60039B950 /* PlayCacheHandler.swift */,
			);
			path = AudioPlay;
			sourceTree = "<group>";
		};
		6C5996FA1FD92B030039B950 /* Realm */ = {
			isa = PBXGroup;
			children = (
				6C5996FB1FD92B1B0039B950 /* RealmManager.swift */,
			);
			path = Realm;
			sourceTree = "<group>";
		};
		6C5CB40E1FB1694400949BFE = {
			isa = PBXGroup;
			children = (
				6C5CB4191FB1694400949BFE /* JT_VoiceLib */,
				6C5CB42E1FB1694400949BFE /* JT_VoiceLibTests */,
				6C5CB4391FB1694400949BFE /* JT_VoiceLibUITests */,
				6C5CB4181FB1694400949BFE /* Products */,
				B716046A505E436181BB477B /* Pods */,
				8068A4E7512729BD86688EAF /* Frameworks */,
			);
			sourceTree = "<group>";
		};
		6C5CB4181FB1694400949BFE /* Products */ = {
			isa = PBXGroup;
			children = (
				6C5CB4171FB1694400949BFE /* JT_VoiceLib.app */,
				6C5CB42B1FB1694400949BFE /* JT_VoiceLibTests.xctest */,
				6C5CB4361FB1694400949BFE /* JT_VoiceLibUITests.xctest */,
			);
			name = Products;
			sourceTree = "<group>";
		};
		6C5CB4191FB1694400949BFE /* JT_VoiceLib */ = {
			isa = PBXGroup;
			children = (
				6C5CB41A1FB1694400949BFE /* AppDelegate.swift */,
				6C5CB41E1FB1694400949BFE /* Main.storyboard */,
				6C5CB4211FB1694400949BFE /* Assets.xcassets */,
				6C5CB4231FB1694400949BFE /* LaunchScreen.storyboard */,
				6C5997011FD951730039B950 /* CFNetworkDownload_QyDWY1.tmp */,
				6C5CB4261FB1694400949BFE /* Info.plist */,
				6CB964551FBB2DEF000CF95D /* Helper */,
				6C4D59151FB296D2008BA50C /* Tool */,
				6C4D59121FB2966F008BA50C /* Common */,
				6C5CB4561FB1982400949BFE /* Service */,
				6C5CB4541FB1980900949BFE /* Modules */,
			);
			path = JT_VoiceLib;
			sourceTree = "<group>";
		};
		6C5CB42E1FB1694400949BFE /* JT_VoiceLibTests */ = {
			isa = PBXGroup;
			children = (
				6C5CB42F1FB1694400949BFE /* JT_VoiceLibTests.swift */,
				6C5CB4311FB1694400949BFE /* Info.plist */,
			);
			path = JT_VoiceLibTests;
			sourceTree = "<group>";
		};
		6C5CB4391FB1694400949BFE /* JT_VoiceLibUITests */ = {
			isa = PBXGroup;
			children = (
				6C5CB43A1FB1694400949BFE /* JT_VoiceLibUITests.swift */,
				6C5CB43C1FB1694400949BFE /* Info.plist */,
			);
			path = JT_VoiceLibUITests;
			sourceTree = "<group>";
		};
		6C5CB4541FB1980900949BFE /* Modules */ = {
			isa = PBXGroup;
			children = (
				6C5CB4571FB1984100949BFE /* Find */,
				6C5CB4581FB1984100949BFE /* Library */,
				6CD728CE1FBEE503004F44E8 /* Search */,
				6CD728C91FBED064004F44E8 /* PlayVoice */,
				6C5CB4591FB1984100949BFE /* Mine */,
			);
			path = Modules;
			sourceTree = "<group>";
		};
		6C5CB4561FB1982400949BFE /* Service */ = {
			isa = PBXGroup;
			children = (
				6C8BD55C1FDA9636009A212D /* DownLoad */,
				6C5996FA1FD92B030039B950 /* Realm */,
				6C5996F31FD8D7A30039B950 /* AudioPlay */,
				6C8BD5361FDA2D31009A212D /* FileManager */,
				6CB964581FBB31F4000CF95D /* NetWork */,
			);
			path = Service;
			sourceTree = "<group>";
		};
		6C5CB4571FB1984100949BFE /* Find */ = {
			isa = PBXGroup;
			children = (
				6C81A1FE1FBA9CC500651D76 /* JsonModel */,
				6C5CB45A1FB1985800949BFE /* FindViewController.swift */,
				6C17421F1FB1A999003D995F /* FindViewModel.swift */,
				6C4D591B1FB29942008BA50C /* FindCardCell.swift */,
				6C4D591C1FB29942008BA50C /* FindCardCell.xib */,
				6C81A1F81FBA98C100651D76 /* FindStoryBoard.storyboard */,
				6C81A1FA1FBA98F400651D76 /* FindNextViewController.swift */,
				6C69370C1FBC0EF30025F9A7 /* FindNextViewModel.swift */,
				6C81A1FC1FBA9ACC00651D76 /* FindNextCell.swift */,
				6C69370E1FBC1DBC0025F9A7 /* AlbumDetailViewController.swift */,
				6C6D71211FBD3BC800511C00 /* AlbumDetailViewModel.swift */,
				6C6D71231FBD3C8A00511C00 /* AlbumDetailTopCell.swift */,
				6C6D71251FBD3C9200511C00 /* AlbumDetailCell.swift */,
			);
			path = Find;
			sourceTree = "<group>";
		};
		6C5CB4581FB1984100949BFE /* Library */ = {
			isa = PBXGroup;
			children = (
				6C50426D1FCD0603008A3236 /* JsonModel */,
				6C77F05E1FBE838700A0B182 /* Library.storyboard */,
				6C5CB45C1FB1986400949BFE /* LibraryViewController.swift */,
				6C1742211FB1A9A7003D995F /* LibraryViewModel.swift */,
				6C77F0601FBE888D00A0B182 /* LibraryLeftCell.swift */,
				6C77F0621FBE889E00A0B182 /* LibraryRightCell.swift */,
			);
			path = Library;
			sourceTree = "<group>";
		};
		6C5CB4591FB1984100949BFE /* Mine */ = {
			isa = PBXGroup;
			children = (
				6C5CB45E1FB1986F00949BFE /* MineViewController.swift */,
				6C1742231FB1A9B1003D995F /* MineViewModel.swift */,
			);
			path = Mine;
			sourceTree = "<group>";
		};
		6C81A1FE1FBA9CC500651D76 /* JsonModel */ = {
			isa = PBXGroup;
			children = (
				6C81A1FF1FBA9CD500651D76 /* AlbumsJsonModel.swift */,
			);
			path = JsonModel;
			sourceTree = "<group>";
		};
		6C8BD5361FDA2D31009A212D /* FileManager */ = {
			isa = PBXGroup;
			children = (
				6C53FFB11FE7D18F007DCCED /* JTFilePathHelper.swift */,
			);
			path = FileManager;
			sourceTree = "<group>";
		};
		6C8BD55C1FDA9636009A212D /* DownLoad */ = {
			isa = PBXGroup;
			children = (
				6C8BD55D1FDA9642009A212D /* DownLoader.swift */,
			);
			path = DownLoad;
			sourceTree = "<group>";
		};
		6CB964551FBB2DEF000CF95D /* Helper */ = {
			isa = PBXGroup;
			children = (
				6CB964561FBB2E21000CF95D /* AlbumsManager.swift */,
				6C6720301FC271F30046AB96 /* JsonSerializationError.swift */,
			);
			path = Helper;
			sourceTree = "<group>";
		};
		6CB964581FBB31F4000CF95D /* NetWork */ = {
			isa = PBXGroup;
			children = (
				6C1742251FB1AA0F003D995F /* NetWorkService.swift */,
				6C85F41D1FBC8ABA004AA656 /* FindMoya.swift */,
				6C85F41F1FBC8ACB004AA656 /* LibraryMoya.swift */,
				6C5996FD1FD945B90039B950 /* MusicMoya.swift */,
			);
			path = NetWork;
			sourceTree = "<group>";
		};
		6CD728C91FBED064004F44E8 /* PlayVoice */ = {
			isa = PBXGroup;
			children = (
				6CD728CC1FBED089004F44E8 /* Play.storyboard */,
				6CD728CA1FBED074004F44E8 /* PlayViewController.swift */,
				6C6444AE1FF33FCC00449000 /* PlayContainerViewController.swift */,
				6C6444AA1FF3366000449000 /* PlayViewViewModel.swift */,
			);
			path = PlayVoice;
			sourceTree = "<group>";
		};
		6CD728CE1FBEE503004F44E8 /* Search */ = {
			isa = PBXGroup;
			children = (
				6CD728D11FBEE518004F44E8 /* Search.storyboard */,
				6CD728CF1FBEE50E004F44E8 /* SearchViewController.swift */,
			);
			path = Search;
			sourceTree = "<group>";
		};
		8068A4E7512729BD86688EAF /* Frameworks */ = {
			isa = PBXGroup;
			children = (
				69EF940BBF32480357E08B68 /* Pods_JT_VoiceLib.framework */,
				F8FD2BD3437DABE9DBF2FA7C /* Pods_JT_VoiceLibTests.framework */,
				0EEFE5F44054211551D983D2 /* Pods_JT_VoiceLibUITests.framework */,
			);
			name = Frameworks;
			sourceTree = "<group>";
		};
		B716046A505E436181BB477B /* Pods */ = {
			isa = PBXGroup;
			children = (
				155191D7BF23030425C68938 /* Pods-JT_VoiceLib.debug.xcconfig */,
				5878E0220166938FAF6C70A8 /* Pods-JT_VoiceLib.release.xcconfig */,
				187CC235276004F595BB5BF1 /* Pods-JT_VoiceLibTests.debug.xcconfig */,
				C47240BB1BE78BD1DA928CF1 /* Pods-JT_VoiceLibTests.release.xcconfig */,
				7FF6931FADD524613247B6C7 /* Pods-JT_VoiceLibUITests.debug.xcconfig */,
				E8EBBAD3D09E3DDA25C4D9F1 /* Pods-JT_VoiceLibUITests.release.xcconfig */,
			);
			name = Pods;
			sourceTree = "<group>";
		};
/* End PBXGroup section */

/* Begin PBXNativeTarget section */
		6C5CB4161FB1694400949BFE /* JT_VoiceLib */ = {
			isa = PBXNativeTarget;
			buildConfigurationList = 6C5CB43F1FB1694400949BFE /* Build configuration list for PBXNativeTarget "JT_VoiceLib" */;
			buildPhases = (
				9717D341A8914D85B93B0FFB /* [CP] Check Pods Manifest.lock */,
				6C5CB4131FB1694400949BFE /* Sources */,
				6C5CB4141FB1694400949BFE /* Frameworks */,
				6C5CB4151FB1694400949BFE /* Resources */,
				97850166A50E5DEF68F82E01 /* [CP] Embed Pods Frameworks */,
				64D6BC1E04937D3539A5FE0D /* [CP] Copy Pods Resources */,
			);
			buildRules = (
			);
			dependencies = (
			);
			name = JT_VoiceLib;
			productName = JT_VoiceLib;
			productReference = 6C5CB4171FB1694400949BFE /* JT_VoiceLib.app */;
			productType = "com.apple.product-type.application";
		};
		6C5CB42A1FB1694400949BFE /* JT_VoiceLibTests */ = {
			isa = PBXNativeTarget;
			buildConfigurationList = 6C5CB4421FB1694400949BFE /* Build configuration list for PBXNativeTarget "JT_VoiceLibTests" */;
			buildPhases = (
				EAEC2EABD11E5E2BD1611FBE /* [CP] Check Pods Manifest.lock */,
				6C5CB4271FB1694400949BFE /* Sources */,
				6C5CB4281FB1694400949BFE /* Frameworks */,
				6C5CB4291FB1694400949BFE /* Resources */,
				DEBA6117FABCB65772CD086E /* [CP] Embed Pods Frameworks */,
				AB4E4E677BD80E81900CFF8D /* [CP] Copy Pods Resources */,
			);
			buildRules = (
			);
			dependencies = (
				6C5CB42D1FB1694400949BFE /* PBXTargetDependency */,
			);
			name = JT_VoiceLibTests;
			productName = JT_VoiceLibTests;
			productReference = 6C5CB42B1FB1694400949BFE /* JT_VoiceLibTests.xctest */;
			productType = "com.apple.product-type.bundle.unit-test";
		};
		6C5CB4351FB1694400949BFE /* JT_VoiceLibUITests */ = {
			isa = PBXNativeTarget;
			buildConfigurationList = 6C5CB4451FB1694400949BFE /* Build configuration list for PBXNativeTarget "JT_VoiceLibUITests" */;
			buildPhases = (
				154ABA9236FDFB0583334041 /* [CP] Check Pods Manifest.lock */,
				6C5CB4321FB1694400949BFE /* Sources */,
				6C5CB4331FB1694400949BFE /* Frameworks */,
				6C5CB4341FB1694400949BFE /* Resources */,
				1CDF789BDB5A1F9858BD313A /* [CP] Embed Pods Frameworks */,
				ED34ADDF4CB4B8360989AB9B /* [CP] Copy Pods Resources */,
			);
			buildRules = (
			);
			dependencies = (
				6C5CB4381FB1694400949BFE /* PBXTargetDependency */,
			);
			name = JT_VoiceLibUITests;
			productName = JT_VoiceLibUITests;
			productReference = 6C5CB4361FB1694400949BFE /* JT_VoiceLibUITests.xctest */;
			productType = "com.apple.product-type.bundle.ui-testing";
		};
/* End PBXNativeTarget section */

/* Begin PBXProject section */
		6C5CB40F1FB1694400949BFE /* Project object */ = {
			isa = PBXProject;
			attributes = {
				LastSwiftUpdateCheck = 0910;
				LastUpgradeCheck = 0910;
				ORGANIZATIONNAME = "江涛";
				TargetAttributes = {
					6C5CB4161FB1694400949BFE = {
						CreatedOnToolsVersion = 9.1;
						ProvisioningStyle = Automatic;
					};
					6C5CB42A1FB1694400949BFE = {
						CreatedOnToolsVersion = 9.1;
						ProvisioningStyle = Automatic;
						TestTargetID = 6C5CB4161FB1694400949BFE;
					};
					6C5CB4351FB1694400949BFE = {
						CreatedOnToolsVersion = 9.1;
						ProvisioningStyle = Automatic;
						TestTargetID = 6C5CB4161FB1694400949BFE;
					};
				};
			};
			buildConfigurationList = 6C5CB4121FB1694400949BFE /* Build configuration list for PBXProject "JT_VoiceLib" */;
			compatibilityVersion = "Xcode 8.0";
			developmentRegion = en;
			hasScannedForEncodings = 0;
			knownRegions = (
				en,
				Base,
			);
			mainGroup = 6C5CB40E1FB1694400949BFE;
			productRefGroup = 6C5CB4181FB1694400949BFE /* Products */;
			projectDirPath = "";
			projectRoot = "";
			targets = (
				6C5CB4161FB1694400949BFE /* JT_VoiceLib */,
				6C5CB42A1FB1694400949BFE /* JT_VoiceLibTests */,
				6C5CB4351FB1694400949BFE /* JT_VoiceLibUITests */,
			);
		};
/* End PBXProject section */

/* Begin PBXResourcesBuildPhase section */
		6C5CB4151FB1694400949BFE /* Resources */ = {
			isa = PBXResourcesBuildPhase;
			buildActionMask = 2147483647;
			files = (
				6C4D591E1FB29942008BA50C /* FindCardCell.xib in Resources */,
				6C5997021FD951730039B950 /* CFNetworkDownload_QyDWY1.tmp in Resources */,
				6C81A1F91FBA98C100651D76 /* FindStoryBoard.storyboard in Resources */,
				6C5CB4251FB1694400949BFE /* LaunchScreen.storyboard in Resources */,
				6C5CB4221FB1694400949BFE /* Assets.xcassets in Resources */,
				6C77F05F1FBE838700A0B182 /* Library.storyboard in Resources */,
				6CD728CD1FBED089004F44E8 /* Play.storyboard in Resources */,
				6CD728D21FBEE518004F44E8 /* Search.storyboard in Resources */,
				6C5CB4201FB1694400949BFE /* Main.storyboard in Resources */,
			);
			runOnlyForDeploymentPostprocessing = 0;
		};
		6C5CB4291FB1694400949BFE /* Resources */ = {
			isa = PBXResourcesBuildPhase;
			buildActionMask = 2147483647;
			files = (
			);
			runOnlyForDeploymentPostprocessing = 0;
		};
		6C5CB4341FB1694400949BFE /* Resources */ = {
			isa = PBXResourcesBuildPhase;
			buildActionMask = 2147483647;
			files = (
			);
			runOnlyForDeploymentPostprocessing = 0;
		};
/* End PBXResourcesBuildPhase section */

/* Begin PBXShellScriptBuildPhase section */
		154ABA9236FDFB0583334041 /* [CP] Check Pods Manifest.lock */ = {
			isa = PBXShellScriptBuildPhase;
			buildActionMask = 2147483647;
			files = (
			);
			inputPaths = (
				"${PODS_PODFILE_DIR_PATH}/Podfile.lock",
				"${PODS_ROOT}/Manifest.lock",
			);
			name = "[CP] Check Pods Manifest.lock";
			outputPaths = (
				"$(DERIVED_FILE_DIR)/Pods-JT_VoiceLibUITests-checkManifestLockResult.txt",
			);
			runOnlyForDeploymentPostprocessing = 0;
			shellPath = /bin/sh;
			shellScript = "diff \"${PODS_PODFILE_DIR_PATH}/Podfile.lock\" \"${PODS_ROOT}/Manifest.lock\" > /dev/null\nif [ $? != 0 ] ; then\n    # print error to STDERR\n    echo \"error: The sandbox is not in sync with the Podfile.lock. Run 'pod install' or update your CocoaPods installation.\" >&2\n    exit 1\nfi\n# This output is used by Xcode 'outputs' to avoid re-running this script phase.\necho \"SUCCESS\" > \"${SCRIPT_OUTPUT_FILE_0}\"\n";
			showEnvVarsInLog = 0;
		};
		1CDF789BDB5A1F9858BD313A /* [CP] Embed Pods Frameworks */ = {
			isa = PBXShellScriptBuildPhase;
			buildActionMask = 2147483647;
			files = (
			);
			inputPaths = (
			);
			name = "[CP] Embed Pods Frameworks";
			outputPaths = (
			);
			runOnlyForDeploymentPostprocessing = 0;
			shellPath = /bin/sh;
			shellScript = "\"${SRCROOT}/Pods/Target Support Files/Pods-JT_VoiceLibUITests/Pods-JT_VoiceLibUITests-frameworks.sh\"\n";
			showEnvVarsInLog = 0;
		};
		64D6BC1E04937D3539A5FE0D /* [CP] Copy Pods Resources */ = {
			isa = PBXShellScriptBuildPhase;
			buildActionMask = 2147483647;
			files = (
			);
			inputPaths = (
			);
			name = "[CP] Copy Pods Resources";
			outputPaths = (
			);
			runOnlyForDeploymentPostprocessing = 0;
			shellPath = /bin/sh;
			shellScript = "\"${SRCROOT}/Pods/Target Support Files/Pods-JT_VoiceLib/Pods-JT_VoiceLib-resources.sh\"\n";
			showEnvVarsInLog = 0;
		};
		9717D341A8914D85B93B0FFB /* [CP] Check Pods Manifest.lock */ = {
			isa = PBXShellScriptBuildPhase;
			buildActionMask = 2147483647;
			files = (
			);
			inputPaths = (
				"${PODS_PODFILE_DIR_PATH}/Podfile.lock",
				"${PODS_ROOT}/Manifest.lock",
			);
			name = "[CP] Check Pods Manifest.lock";
			outputPaths = (
				"$(DERIVED_FILE_DIR)/Pods-JT_VoiceLib-checkManifestLockResult.txt",
			);
			runOnlyForDeploymentPostprocessing = 0;
			shellPath = /bin/sh;
			shellScript = "diff \"${PODS_PODFILE_DIR_PATH}/Podfile.lock\" \"${PODS_ROOT}/Manifest.lock\" > /dev/null\nif [ $? != 0 ] ; then\n    # print error to STDERR\n    echo \"error: The sandbox is not in sync with the Podfile.lock. Run 'pod install' or update your CocoaPods installation.\" >&2\n    exit 1\nfi\n# This output is used by Xcode 'outputs' to avoid re-running this script phase.\necho \"SUCCESS\" > \"${SCRIPT_OUTPUT_FILE_0}\"\n";
			showEnvVarsInLog = 0;
		};
		97850166A50E5DEF68F82E01 /* [CP] Embed Pods Frameworks */ = {
			isa = PBXShellScriptBuildPhase;
			buildActionMask = 2147483647;
			files = (
			);
			inputPaths = (
				"${SRCROOT}/Pods/Target Support Files/Pods-JT_VoiceLib/Pods-JT_VoiceLib-frameworks.sh",
				"${BUILT_PRODUCTS_DIR}/Alamofire/Alamofire.framework",
				"${BUILT_PRODUCTS_DIR}/Differentiator/Differentiator.framework",
				"${BUILT_PRODUCTS_DIR}/HandyJSON/HandyJSON.framework",
				"${BUILT_PRODUCTS_DIR}/Hero/Hero.framework",
				"${BUILT_PRODUCTS_DIR}/Kingfisher/Kingfisher.framework",
				"${BUILT_PRODUCTS_DIR}/Moya/Moya.framework",
				"${BUILT_PRODUCTS_DIR}/PKHUD/PKHUD.framework",
				"${BUILT_PRODUCTS_DIR}/ReactiveSwift/ReactiveSwift.framework",
				"${BUILT_PRODUCTS_DIR}/Realm/Realm.framework",
				"${BUILT_PRODUCTS_DIR}/RealmSwift/RealmSwift.framework",
				"${BUILT_PRODUCTS_DIR}/Result/Result.framework",
				"${BUILT_PRODUCTS_DIR}/RxCocoa/RxCocoa.framework",
				"${BUILT_PRODUCTS_DIR}/RxDataSources/RxDataSources.framework",
				"${BUILT_PRODUCTS_DIR}/RxSwift/RxSwift.framework",
			);
			name = "[CP] Embed Pods Frameworks";
			outputPaths = (
				"${TARGET_BUILD_DIR}/${FRAMEWORKS_FOLDER_PATH}/Alamofire.framework",
				"${TARGET_BUILD_DIR}/${FRAMEWORKS_FOLDER_PATH}/Differentiator.framework",
				"${TARGET_BUILD_DIR}/${FRAMEWORKS_FOLDER_PATH}/HandyJSON.framework",
				"${TARGET_BUILD_DIR}/${FRAMEWORKS_FOLDER_PATH}/Hero.framework",
				"${TARGET_BUILD_DIR}/${FRAMEWORKS_FOLDER_PATH}/Kingfisher.framework",
				"${TARGET_BUILD_DIR}/${FRAMEWORKS_FOLDER_PATH}/Moya.framework",
				"${TARGET_BUILD_DIR}/${FRAMEWORKS_FOLDER_PATH}/PKHUD.framework",
				"${TARGET_BUILD_DIR}/${FRAMEWORKS_FOLDER_PATH}/ReactiveSwift.framework",
				"${TARGET_BUILD_DIR}/${FRAMEWORKS_FOLDER_PATH}/Realm.framework",
				"${TARGET_BUILD_DIR}/${FRAMEWORKS_FOLDER_PATH}/RealmSwift.framework",
				"${TARGET_BUILD_DIR}/${FRAMEWORKS_FOLDER_PATH}/Result.framework",
				"${TARGET_BUILD_DIR}/${FRAMEWORKS_FOLDER_PATH}/RxCocoa.framework",
				"${TARGET_BUILD_DIR}/${FRAMEWORKS_FOLDER_PATH}/RxDataSources.framework",
				"${TARGET_BUILD_DIR}/${FRAMEWORKS_FOLDER_PATH}/RxSwift.framework",
			);
			runOnlyForDeploymentPostprocessing = 0;
			shellPath = /bin/sh;
			shellScript = "\"${SRCROOT}/Pods/Target Support Files/Pods-JT_VoiceLib/Pods-JT_VoiceLib-frameworks.sh\"\n";
			showEnvVarsInLog = 0;
		};
		AB4E4E677BD80E81900CFF8D /* [CP] Copy Pods Resources */ = {
			isa = PBXShellScriptBuildPhase;
			buildActionMask = 2147483647;
			files = (
			);
			inputPaths = (
			);
			name = "[CP] Copy Pods Resources";
			outputPaths = (
			);
			runOnlyForDeploymentPostprocessing = 0;
			shellPath = /bin/sh;
			shellScript = "\"${SRCROOT}/Pods/Target Support Files/Pods-JT_VoiceLibTests/Pods-JT_VoiceLibTests-resources.sh\"\n";
			showEnvVarsInLog = 0;
		};
		DEBA6117FABCB65772CD086E /* [CP] Embed Pods Frameworks */ = {
			isa = PBXShellScriptBuildPhase;
			buildActionMask = 2147483647;
			files = (
			);
			inputPaths = (
			);
			name = "[CP] Embed Pods Frameworks";
			outputPaths = (
			);
			runOnlyForDeploymentPostprocessing = 0;
			shellPath = /bin/sh;
			shellScript = "\"${SRCROOT}/Pods/Target Support Files/Pods-JT_VoiceLibTests/Pods-JT_VoiceLibTests-frameworks.sh\"\n";
			showEnvVarsInLog = 0;
		};
		EAEC2EABD11E5E2BD1611FBE /* [CP] Check Pods Manifest.lock */ = {
			isa = PBXShellScriptBuildPhase;
			buildActionMask = 2147483647;
			files = (
			);
			inputPaths = (
				"${PODS_PODFILE_DIR_PATH}/Podfile.lock",
				"${PODS_ROOT}/Manifest.lock",
			);
			name = "[CP] Check Pods Manifest.lock";
			outputPaths = (
				"$(DERIVED_FILE_DIR)/Pods-JT_VoiceLibTests-checkManifestLockResult.txt",
			);
			runOnlyForDeploymentPostprocessing = 0;
			shellPath = /bin/sh;
			shellScript = "diff \"${PODS_PODFILE_DIR_PATH}/Podfile.lock\" \"${PODS_ROOT}/Manifest.lock\" > /dev/null\nif [ $? != 0 ] ; then\n    # print error to STDERR\n    echo \"error: The sandbox is not in sync with the Podfile.lock. Run 'pod install' or update your CocoaPods installation.\" >&2\n    exit 1\nfi\n# This output is used by Xcode 'outputs' to avoid re-running this script phase.\necho \"SUCCESS\" > \"${SCRIPT_OUTPUT_FILE_0}\"\n";
			showEnvVarsInLog = 0;
		};
		ED34ADDF4CB4B8360989AB9B /* [CP] Copy Pods Resources */ = {
			isa = PBXShellScriptBuildPhase;
			buildActionMask = 2147483647;
			files = (
			);
			inputPaths = (
			);
			name = "[CP] Copy Pods Resources";
			outputPaths = (
			);
			runOnlyForDeploymentPostprocessing = 0;
			shellPath = /bin/sh;
			shellScript = "\"${SRCROOT}/Pods/Target Support Files/Pods-JT_VoiceLibUITests/Pods-JT_VoiceLibUITests-resources.sh\"\n";
			showEnvVarsInLog = 0;
		};
/* End PBXShellScriptBuildPhase section */

/* Begin PBXSourcesBuildPhase section */
		6C5CB4131FB1694400949BFE /* Sources */ = {
			isa = PBXSourcesBuildPhase;
			buildActionMask = 2147483647;
			files = (
				6C5996F71FD920C70039B950 /* PlayHandler.swift in Sources */,
				6C85F41E1FBC8ABA004AA656 /* FindMoya.swift in Sources */,
				6C4D59201FB29D27008BA50C /* UIViewController+extension.swift in Sources */,
				6C5CB41B1FB1694400949BFE /* AppDelegate.swift in Sources */,
				6CB964571FBB2E21000CF95D /* AlbumsManager.swift in Sources */,
				6C6D71261FBD3C9200511C00 /* AlbumDetailCell.swift in Sources */,
				6C5CB45D1FB1986400949BFE /* LibraryViewController.swift in Sources */,
				6C1742261FB1AA0F003D995F /* NetWorkService.swift in Sources */,
				6C4D591A1FB296E0008BA50C /* UIView+frame.swift in Sources */,
				6C85F4201FBC8ACB004AA656 /* LibraryMoya.swift in Sources */,
				6C4D591D1FB29942008BA50C /* FindCardCell.swift in Sources */,
				6C6D71221FBD3BC800511C00 /* AlbumDetailViewModel.swift in Sources */,
				6C1742241FB1A9B1003D995F /* MineViewModel.swift in Sources */,
				6CD728CB1FBED074004F44E8 /* PlayViewController.swift in Sources */,
				6C77F0631FBE889E00A0B182 /* LibraryRightCell.swift in Sources */,
				6C69370D1FBC0EF30025F9A7 /* FindNextViewModel.swift in Sources */,
				6C4D59141FB29678008BA50C /* Common.swift in Sources */,
				6C4D59191FB296E0008BA50C /* UIColor+category.swift in Sources */,
				6C5CB45B1FB1985800949BFE /* FindViewController.swift in Sources */,
				6C69370F1FBC1DBC0025F9A7 /* AlbumDetailViewController.swift in Sources */,
				6C50426F1FCD0618008A3236 /* LibraryJsonModel.swift in Sources */,
				6C1742201FB1A999003D995F /* FindViewModel.swift in Sources */,
				6C5996FC1FD92B1B0039B950 /* RealmManager.swift in Sources */,
				6C53FFB21FE7D18F007DCCED /* JTFilePathHelper.swift in Sources */,
				6C5996FE1FD945B90039B950 /* MusicMoya.swift in Sources */,
				6C1742221FB1A9A7003D995F /* LibraryViewModel.swift in Sources */,
				6C81A1FB1FBA98F400651D76 /* FindNextViewController.swift in Sources */,
				6C5996F91FD924F60039B950 /* PlayCacheHandler.swift in Sources */,
				6C81A1FD1FBA9ACC00651D76 /* FindNextCell.swift in Sources */,
				6C6444AF1FF33FCC00449000 /* PlayContainerViewController.swift in Sources */,
				6C6D71241FBD3C8A00511C00 /* AlbumDetailTopCell.swift in Sources */,
				6C6720311FC271F30046AB96 /* JsonSerializationError.swift in Sources */,
				6C6444AB1FF3366000449000 /* PlayViewViewModel.swift in Sources */,
				6C5CB45F1FB1986F00949BFE /* MineViewController.swift in Sources */,
				6C77F0611FBE888D00A0B182 /* LibraryLeftCell.swift in Sources */,
				6C8BD55E1FDA9642009A212D /* DownLoader.swift in Sources */,
				6C8BD5591FDA9466009A212D /* PlayManager.swift in Sources */,
				6C81A2001FBA9CD500651D76 /* AlbumsJsonModel.swift in Sources */,
				6CD728D01FBEE50E004F44E8 /* SearchViewController.swift in Sources */,
			);
			runOnlyForDeploymentPostprocessing = 0;
		};
		6C5CB4271FB1694400949BFE /* Sources */ = {
			isa = PBXSourcesBuildPhase;
			buildActionMask = 2147483647;
			files = (
				6C5CB4301FB1694400949BFE /* JT_VoiceLibTests.swift in Sources */,
			);
			runOnlyForDeploymentPostprocessing = 0;
		};
		6C5CB4321FB1694400949BFE /* Sources */ = {
			isa = PBXSourcesBuildPhase;
			buildActionMask = 2147483647;
			files = (
				6C5CB43B1FB1694400949BFE /* JT_VoiceLibUITests.swift in Sources */,
			);
			runOnlyForDeploymentPostprocessing = 0;
		};
/* End PBXSourcesBuildPhase section */

/* Begin PBXTargetDependency section */
		6C5CB42D1FB1694400949BFE /* PBXTargetDependency */ = {
			isa = PBXTargetDependency;
			target = 6C5CB4161FB1694400949BFE /* JT_VoiceLib */;
			targetProxy = 6C5CB42C1FB1694400949BFE /* PBXContainerItemProxy */;
		};
		6C5CB4381FB1694400949BFE /* PBXTargetDependency */ = {
			isa = PBXTargetDependency;
			target = 6C5CB4161FB1694400949BFE /* JT_VoiceLib */;
			targetProxy = 6C5CB4371FB1694400949BFE /* PBXContainerItemProxy */;
		};
/* End PBXTargetDependency section */

/* Begin PBXVariantGroup section */
		6C5CB41E1FB1694400949BFE /* Main.storyboard */ = {
			isa = PBXVariantGroup;
			children = (
				6C5CB41F1FB1694400949BFE /* Base */,
			);
			name = Main.storyboard;
			sourceTree = "<group>";
		};
		6C5CB4231FB1694400949BFE /* LaunchScreen.storyboard */ = {
			isa = PBXVariantGroup;
			children = (
				6C5CB4241FB1694400949BFE /* Base */,
			);
			name = LaunchScreen.storyboard;
			sourceTree = "<group>";
		};
/* End PBXVariantGroup section */

/* Begin XCBuildConfiguration section */
		6C5CB43D1FB1694400949BFE /* Debug */ = {
			isa = XCBuildConfiguration;
			buildSettings = {
				ALWAYS_SEARCH_USER_PATHS = NO;
				CLANG_ANALYZER_NONNULL = YES;
				CLANG_ANALYZER_NUMBER_OBJECT_CONVERSION = YES_AGGRESSIVE;
				CLANG_CXX_LANGUAGE_STANDARD = "gnu++14";
				CLANG_CXX_LIBRARY = "libc++";
				CLANG_ENABLE_MODULES = YES;
				CLANG_ENABLE_OBJC_ARC = YES;
				CLANG_WARN_BLOCK_CAPTURE_AUTORELEASING = YES;
				CLANG_WARN_BOOL_CONVERSION = YES;
				CLANG_WARN_COMMA = YES;
				CLANG_WARN_CONSTANT_CONVERSION = YES;
				CLANG_WARN_DIRECT_OBJC_ISA_USAGE = YES_ERROR;
				CLANG_WARN_DOCUMENTATION_COMMENTS = YES;
				CLANG_WARN_EMPTY_BODY = YES;
				CLANG_WARN_ENUM_CONVERSION = YES;
				CLANG_WARN_INFINITE_RECURSION = YES;
				CLANG_WARN_INT_CONVERSION = YES;
				CLANG_WARN_NON_LITERAL_NULL_CONVERSION = YES;
				CLANG_WARN_OBJC_LITERAL_CONVERSION = YES;
				CLANG_WARN_OBJC_ROOT_CLASS = YES_ERROR;
				CLANG_WARN_RANGE_LOOP_ANALYSIS = YES;
				CLANG_WARN_STRICT_PROTOTYPES = YES;
				CLANG_WARN_SUSPICIOUS_MOVE = YES;
				CLANG_WARN_UNGUARDED_AVAILABILITY = YES_AGGRESSIVE;
				CLANG_WARN_UNREACHABLE_CODE = YES;
				CLANG_WARN__DUPLICATE_METHOD_MATCH = YES;
				CODE_SIGN_IDENTITY = "iPhone Developer";
				COPY_PHASE_STRIP = NO;
				DEBUG_INFORMATION_FORMAT = dwarf;
				ENABLE_STRICT_OBJC_MSGSEND = YES;
				ENABLE_TESTABILITY = YES;
				GCC_C_LANGUAGE_STANDARD = gnu11;
				GCC_DYNAMIC_NO_PIC = NO;
				GCC_NO_COMMON_BLOCKS = YES;
				GCC_OPTIMIZATION_LEVEL = 0;
				GCC_PREPROCESSOR_DEFINITIONS = (
					"DEBUG=1",
					"$(inherited)",
				);
				GCC_WARN_64_TO_32_BIT_CONVERSION = YES;
				GCC_WARN_ABOUT_RETURN_TYPE = YES_ERROR;
				GCC_WARN_UNDECLARED_SELECTOR = YES;
				GCC_WARN_UNINITIALIZED_AUTOS = YES_AGGRESSIVE;
				GCC_WARN_UNUSED_FUNCTION = YES;
				GCC_WARN_UNUSED_VARIABLE = YES;
				IPHONEOS_DEPLOYMENT_TARGET = 11.1;
				MTL_ENABLE_DEBUG_INFO = YES;
				ONLY_ACTIVE_ARCH = YES;
				SDKROOT = iphoneos;
				SWIFT_ACTIVE_COMPILATION_CONDITIONS = DEBUG;
				SWIFT_OPTIMIZATION_LEVEL = "-Onone";
			};
			name = Debug;
		};
		6C5CB43E1FB1694400949BFE /* Release */ = {
			isa = XCBuildConfiguration;
			buildSettings = {
				ALWAYS_SEARCH_USER_PATHS = NO;
				CLANG_ANALYZER_NONNULL = YES;
				CLANG_ANALYZER_NUMBER_OBJECT_CONVERSION = YES_AGGRESSIVE;
				CLANG_CXX_LANGUAGE_STANDARD = "gnu++14";
				CLANG_CXX_LIBRARY = "libc++";
				CLANG_ENABLE_MODULES = YES;
				CLANG_ENABLE_OBJC_ARC = YES;
				CLANG_WARN_BLOCK_CAPTURE_AUTORELEASING = YES;
				CLANG_WARN_BOOL_CONVERSION = YES;
				CLANG_WARN_COMMA = YES;
				CLANG_WARN_CONSTANT_CONVERSION = YES;
				CLANG_WARN_DIRECT_OBJC_ISA_USAGE = YES_ERROR;
				CLANG_WARN_DOCUMENTATION_COMMENTS = YES;
				CLANG_WARN_EMPTY_BODY = YES;
				CLANG_WARN_ENUM_CONVERSION = YES;
				CLANG_WARN_INFINITE_RECURSION = YES;
				CLANG_WARN_INT_CONVERSION = YES;
				CLANG_WARN_NON_LITERAL_NULL_CONVERSION = YES;
				CLANG_WARN_OBJC_LITERAL_CONVERSION = YES;
				CLANG_WARN_OBJC_ROOT_CLASS = YES_ERROR;
				CLANG_WARN_RANGE_LOOP_ANALYSIS = YES;
				CLANG_WARN_STRICT_PROTOTYPES = YES;
				CLANG_WARN_SUSPICIOUS_MOVE = YES;
				CLANG_WARN_UNGUARDED_AVAILABILITY = YES_AGGRESSIVE;
				CLANG_WARN_UNREACHABLE_CODE = YES;
				CLANG_WARN__DUPLICATE_METHOD_MATCH = YES;
				CODE_SIGN_IDENTITY = "iPhone Developer";
				COPY_PHASE_STRIP = NO;
				DEBUG_INFORMATION_FORMAT = "dwarf-with-dsym";
				ENABLE_NS_ASSERTIONS = NO;
				ENABLE_STRICT_OBJC_MSGSEND = YES;
				GCC_C_LANGUAGE_STANDARD = gnu11;
				GCC_NO_COMMON_BLOCKS = YES;
				GCC_WARN_64_TO_32_BIT_CONVERSION = YES;
				GCC_WARN_ABOUT_RETURN_TYPE = YES_ERROR;
				GCC_WARN_UNDECLARED_SELECTOR = YES;
				GCC_WARN_UNINITIALIZED_AUTOS = YES_AGGRESSIVE;
				GCC_WARN_UNUSED_FUNCTION = YES;
				GCC_WARN_UNUSED_VARIABLE = YES;
				IPHONEOS_DEPLOYMENT_TARGET = 11.1;
				MTL_ENABLE_DEBUG_INFO = NO;
				SDKROOT = iphoneos;
				SWIFT_OPTIMIZATION_LEVEL = "-Owholemodule";
				VALIDATE_PRODUCT = YES;
			};
			name = Release;
		};
		6C5CB4401FB1694400949BFE /* Debug */ = {
			isa = XCBuildConfiguration;
			baseConfigurationReference = 155191D7BF23030425C68938 /* Pods-JT_VoiceLib.debug.xcconfig */;
			buildSettings = {
				ASSETCATALOG_COMPILER_APPICON_NAME = AppIcon;
				CODE_SIGN_STYLE = Automatic;
				DEVELOPMENT_TEAM = KL3TMC97YB;
				INFOPLIST_FILE = JT_VoiceLib/Info.plist;
				IPHONEOS_DEPLOYMENT_TARGET = 11.1;
				LD_RUNPATH_SEARCH_PATHS = "$(inherited) @executable_path/Frameworks";
				OTHER_LDFLAGS = (
					"$(inherited)",
					"-framework",
					"\"Alamofire\"",
					"-framework",
					"\"Differentiator\"",
					"-framework",
					"\"Hero\"",
					"-framework",
					"\"Moya\"",
					"-framework",
					"\"ReactiveSwift\"",
					"-framework",
					"\"Result\"",
					"-framework",
					"\"RxCocoa\"",
					"-framework",
					"\"RxDataSources\"",
					"-framework",
					"\"RxSwift\"",
				);
				PRODUCT_BUNDLE_IDENTIFIER = "com.taoJiang.JT-VoiceLib";
				PRODUCT_NAME = "$(TARGET_NAME)";
				SWIFT_VERSION = 4.0;
				TARGETED_DEVICE_FAMILY = "1,2";
			};
			name = Debug;
		};
		6C5CB4411FB1694400949BFE /* Release */ = {
			isa = XCBuildConfiguration;
			baseConfigurationReference = 5878E0220166938FAF6C70A8 /* Pods-JT_VoiceLib.release.xcconfig */;
			buildSettings = {
				ASSETCATALOG_COMPILER_APPICON_NAME = AppIcon;
				CODE_SIGN_STYLE = Automatic;
				DEVELOPMENT_TEAM = KL3TMC97YB;
				INFOPLIST_FILE = JT_VoiceLib/Info.plist;
				IPHONEOS_DEPLOYMENT_TARGET = 11.1;
				LD_RUNPATH_SEARCH_PATHS = "$(inherited) @executable_path/Frameworks";
				OTHER_LDFLAGS = (
					"$(inherited)",
					"-framework",
					"\"Alamofire\"",
					"-framework",
					"\"Differentiator\"",
					"-framework",
					"\"Hero\"",
					"-framework",
					"\"Moya\"",
					"-framework",
					"\"ReactiveSwift\"",
					"-framework",
					"\"Result\"",
					"-framework",
					"\"RxCocoa\"",
					"-framework",
					"\"RxDataSources\"",
					"-framework",
					"\"RxSwift\"",
				);
				PRODUCT_BUNDLE_IDENTIFIER = "com.taoJiang.JT-VoiceLib";
				PRODUCT_NAME = "$(TARGET_NAME)";
				SWIFT_VERSION = 4.0;
				TARGETED_DEVICE_FAMILY = "1,2";
			};
			name = Release;
		};
		6C5CB4431FB1694400949BFE /* Debug */ = {
			isa = XCBuildConfiguration;
			baseConfigurationReference = 187CC235276004F595BB5BF1 /* Pods-JT_VoiceLibTests.debug.xcconfig */;
			buildSettings = {
				ALWAYS_EMBED_SWIFT_STANDARD_LIBRARIES = YES;
				BUNDLE_LOADER = "$(TEST_HOST)";
				CODE_SIGN_STYLE = Automatic;
				DEVELOPMENT_TEAM = KL3TMC97YB;
				INFOPLIST_FILE = JT_VoiceLibTests/Info.plist;
				LD_RUNPATH_SEARCH_PATHS = "$(inherited) @executable_path/Frameworks @loader_path/Frameworks";
				PRODUCT_BUNDLE_IDENTIFIER = "com.taoJiang.JT-VoiceLibTests";
				PRODUCT_NAME = "$(TARGET_NAME)";
				SWIFT_VERSION = 4.0;
				TARGETED_DEVICE_FAMILY = "1,2";
				TEST_HOST = "$(BUILT_PRODUCTS_DIR)/JT_VoiceLib.app/JT_VoiceLib";
			};
			name = Debug;
		};
		6C5CB4441FB1694400949BFE /* Release */ = {
			isa = XCBuildConfiguration;
			baseConfigurationReference = C47240BB1BE78BD1DA928CF1 /* Pods-JT_VoiceLibTests.release.xcconfig */;
			buildSettings = {
				ALWAYS_EMBED_SWIFT_STANDARD_LIBRARIES = YES;
				BUNDLE_LOADER = "$(TEST_HOST)";
				CODE_SIGN_STYLE = Automatic;
				DEVELOPMENT_TEAM = KL3TMC97YB;
				INFOPLIST_FILE = JT_VoiceLibTests/Info.plist;
				LD_RUNPATH_SEARCH_PATHS = "$(inherited) @executable_path/Frameworks @loader_path/Frameworks";
				PRODUCT_BUNDLE_IDENTIFIER = "com.taoJiang.JT-VoiceLibTests";
				PRODUCT_NAME = "$(TARGET_NAME)";
				SWIFT_VERSION = 4.0;
				TARGETED_DEVICE_FAMILY = "1,2";
				TEST_HOST = "$(BUILT_PRODUCTS_DIR)/JT_VoiceLib.app/JT_VoiceLib";
			};
			name = Release;
		};
		6C5CB4461FB1694400949BFE /* Debug */ = {
			isa = XCBuildConfiguration;
			baseConfigurationReference = 7FF6931FADD524613247B6C7 /* Pods-JT_VoiceLibUITests.debug.xcconfig */;
			buildSettings = {
				ALWAYS_EMBED_SWIFT_STANDARD_LIBRARIES = YES;
				CODE_SIGN_STYLE = Automatic;
				DEVELOPMENT_TEAM = KL3TMC97YB;
				INFOPLIST_FILE = JT_VoiceLibUITests/Info.plist;
				LD_RUNPATH_SEARCH_PATHS = "$(inherited) @executable_path/Frameworks @loader_path/Frameworks";
				PRODUCT_BUNDLE_IDENTIFIER = "com.taoJiang.JT-VoiceLibUITests";
				PRODUCT_NAME = "$(TARGET_NAME)";
				SWIFT_VERSION = 4.0;
				TARGETED_DEVICE_FAMILY = "1,2";
				TEST_TARGET_NAME = JT_VoiceLib;
			};
			name = Debug;
		};
		6C5CB4471FB1694400949BFE /* Release */ = {
			isa = XCBuildConfiguration;
			baseConfigurationReference = E8EBBAD3D09E3DDA25C4D9F1 /* Pods-JT_VoiceLibUITests.release.xcconfig */;
			buildSettings = {
				ALWAYS_EMBED_SWIFT_STANDARD_LIBRARIES = YES;
				CODE_SIGN_STYLE = Automatic;
				DEVELOPMENT_TEAM = KL3TMC97YB;
				INFOPLIST_FILE = JT_VoiceLibUITests/Info.plist;
				LD_RUNPATH_SEARCH_PATHS = "$(inherited) @executable_path/Frameworks @loader_path/Frameworks";
				PRODUCT_BUNDLE_IDENTIFIER = "com.taoJiang.JT-VoiceLibUITests";
				PRODUCT_NAME = "$(TARGET_NAME)";
				SWIFT_VERSION = 4.0;
				TARGETED_DEVICE_FAMILY = "1,2";
				TEST_TARGET_NAME = JT_VoiceLib;
			};
			name = Release;
		};
/* End XCBuildConfiguration section */

/* Begin XCConfigurationList section */
		6C5CB4121FB1694400949BFE /* Build configuration list for PBXProject "JT_VoiceLib" */ = {
			isa = XCConfigurationList;
			buildConfigurations = (
				6C5CB43D1FB1694400949BFE /* Debug */,
				6C5CB43E1FB1694400949BFE /* Release */,
			);
			defaultConfigurationIsVisible = 0;
			defaultConfigurationName = Release;
		};
		6C5CB43F1FB1694400949BFE /* Build configuration list for PBXNativeTarget "JT_VoiceLib" */ = {
			isa = XCConfigurationList;
			buildConfigurations = (
				6C5CB4401FB1694400949BFE /* Debug */,
				6C5CB4411FB1694400949BFE /* Release */,
			);
			defaultConfigurationIsVisible = 0;
			defaultConfigurationName = Release;
		};
		6C5CB4421FB1694400949BFE /* Build configuration list for PBXNativeTarget "JT_VoiceLibTests" */ = {
			isa = XCConfigurationList;
			buildConfigurations = (
				6C5CB4431FB1694400949BFE /* Debug */,
				6C5CB4441FB1694400949BFE /* Release */,
			);
			defaultConfigurationIsVisible = 0;
			defaultConfigurationName = Release;
		};
		6C5CB4451FB1694400949BFE /* Build configuration list for PBXNativeTarget "JT_VoiceLibUITests" */ = {
			isa = XCConfigurationList;
			buildConfigurations = (
				6C5CB4461FB1694400949BFE /* Debug */,
				6C5CB4471FB1694400949BFE /* Release */,
			);
			defaultConfigurationIsVisible = 0;
			defaultConfigurationName = Release;
		};
/* End XCConfigurationList section */
	};
	rootObject = 6C5CB40F1FB1694400949BFE /* Project object */;
}
